
Microsoft Visual Studio Solution File, Format Version 12.00
# Visual Studio Version 17
VisualStudioVersion = 17.1.32414.318
MinimumVisualStudioVersion = 10.0.40219.1
Project("{2150E333-8FDC-42A3-9474-1A3956D46DE8}") = "Services", "Services", "{2769FE44-719F-40FC-B54E-0B6A70117D0B}"
EndProject
Project("{2150E333-8FDC-42A3-9474-1A3956D46DE8}") = "Catalog", "Catalog", "{B477CE2C-E7F6-4CCA-9683-E6587D72604B}"
EndProject
Project("{9A19103F-16F7-4668-BE54-9A1E7A4F7556}") = "Catalog.API", "Services\Catalog\Catalot.API\Catalog.API.csproj", "{73C02608-ACC7-4702-8651-18FA4D36B2BF}"
EndProject
Project("{E53339B2-1760-4266-BCC7-CA923CBCF16C}") = "docker-compose", "docker-compose.dcproj", "{3C82D4FA-9452-4B5C-A189-AD1A23AA8CEF}"
EndProject
Project("{2150E333-8FDC-42A3-9474-1A3956D46DE8}") = "Basket", "Basket", "{2C051D38-850F-4098-9450-C33DB9F8F95D}"
EndProject
Project("{9A19103F-16F7-4668-BE54-9A1E7A4F7556}") = "Basket.API", "Services\Basket\Basket.API\Basket.API.csproj", "{28FA2024-C325-424A-920E-E3235E8318DA}"
EndProject
Project("{2150E333-8FDC-42A3-9474-1A3956D46DE8}") = "Discount", "Discount", "{6D84D410-1372-49E8-B22E-A146A7714FD1}"
EndProject
Project("{FAE04EC0-301F-11D3-BF4B-00C04F79EFBC}") = "Discount.API", "Services\Discount\Discount.API\Discount.API.csproj", "{242C2E8C-B945-4226-A00A-D5995B88F800}"
EndProject
Global
	GlobalSection(SolutionConfigurationPlatforms) = preSolution
		Debug|Any CPU = Debug|Any CPU
		Release|Any CPU = Release|Any CPU
	EndGlobalSection
	GlobalSection(ProjectConfigurationPlatforms) = postSolution
		{73C02608-ACC7-4702-8651-18FA4D36B2BF}.Debug|Any CPU.ActiveCfg = Debug|Any CPU
		{73C02608-ACC7-4702-8651-18FA4D36B2BF}.Debug|Any CPU.Build.0 = Debug|Any CPU
		{73C02608-ACC7-4702-8651-18FA4D36B2BF}.Release|Any CPU.ActiveCfg = Release|Any CPU
		{73C02608-ACC7-4702-8651-18FA4D36B2BF}.Release|Any CPU.Build.0 = Release|Any CPU
		{3C82D4FA-9452-4B5C-A189-AD1A23AA8CEF}.Debug|Any CPU.ActiveCfg = Debug|Any CPU
		{3C82D4FA-9452-4B5C-A189-AD1A23AA8CEF}.Debug|Any CPU.Build.0 = Debug|Any CPU
		{3C82D4FA-9452-4B5C-A189-AD1A23AA8CEF}.Release|Any CPU.ActiveCfg = Release|Any CPU
		{3C82D4FA-9452-4B5C-A189-AD1A23AA8CEF}.Release|Any CPU.Build.0 = Release|Any CPU
		{28FA2024-C325-424A-920E-E3235E8318DA}.Debug|Any CPU.ActiveCfg = Debug|Any CPU
		{28FA2024-C325-424A-920E-E3235E8318DA}.Debug|Any CPU.Build.0 = Debug|Any CPU
		{28FA2024-C325-424A-920E-E3235E8318DA}.Release|Any CPU.ActiveCfg = Release|Any CPU
		{28FA2024-C325-424A-920E-E3235E8318DA}.Release|Any CPU.Build.0 = Release|Any CPU
		{242C2E8C-B945-4226-A00A-D5995B88F800}.Debug|Any CPU.ActiveCfg = Debug|Any CPU
		{242C2E8C-B945-4226-A00A-D5995B88F800}.Debug|Any CPU.Build.0 = Debug|Any CPU
		{242C2E8C-B945-4226-A00A-D5995B88F800}.Release|Any CPU.ActiveCfg = Release|Any CPU
		{242C2E8C-B945-4226-A00A-D5995B88F800}.Release|Any CPU.Build.0 = Release|Any CPU
	EndGlobalSection
	GlobalSection(SolutionProperties) = preSolution
		HideSolutionNode = FALSE
	EndGlobalSection
	GlobalSection(NestedProjects) = preSolution
		{B477CE2C-E7F6-4CCA-9683-E6587D72604B} = {2769FE44-719F-40FC-B54E-0B6A70117D0B}
		{73C02608-ACC7-4702-8651-18FA4D36B2BF} = {B477CE2C-E7F6-4CCA-9683-E6587D72604B}
		{2C051D38-850F-4098-9450-C33DB9F8F95D} = {2769FE44-719F-40FC-B54E-0B6A70117D0B}
		{28FA2024-C325-424A-920E-E3235E8318DA} = {2C051D38-850F-4098-9450-C33DB9F8F95D}
		{6D84D410-1372-49E8-B22E-A146A7714FD1} = {2769FE44-719F-40FC-B54E-0B6A70117D0B}
		{242C2E8C-B945-4226-A00A-D5995B88F800} = {6D84D410-1372-49E8-B22E-A146A7714FD1}
	EndGlobalSection
	GlobalSection(ExtensibilityGlobals) = postSolution
		SolutionGuid = {B6AF2480-B6B6-405A-84DB-ED6118C34B29}
	EndGlobalSection
EndGlobal
